
Microsoft Visual Studio Solution File, Format Version 12.00
# Visual Studio Version 17
VisualStudioVersion = 17.9.34728.123
MinimumVisualStudioVersion = 10.0.40219.1
Project("{FAE04EC0-301F-11D3-BF4B-00C04F79EFBC}") = "Shapes", "Shapes\Shapes.csproj", "{C1C5018F-0DE9-496F-A52F-2EEA4B6525B5}"
EndProject
Project("{FAE04EC0-301F-11D3-BF4B-00C04F79EFBC}") = "UnitTestProject1", "UnitTestProject1\UnitTestProject1.csproj", "{38EC9C47-39D8-4C39-9D76-211ACE3D79A4}"
EndProject
Global
	GlobalSection(SolutionConfigurationPlatforms) = preSolution
		Debug|Any CPU = Debug|Any CPU
		Release|Any CPU = Release|Any CPU
	EndGlobalSection
	GlobalSection(ProjectConfigurationPlatforms) = postSolution
		{C1C5018F-0DE9-496F-A52F-2EEA4B6525B5}.Debug|Any CPU.ActiveCfg = Debug|Any CPU
		{C1C5018F-0DE9-496F-A52F-2EEA4B6525B5}.Debug|Any CPU.Build.0 = Debug|Any CPU
		{C1C5018F-0DE9-496F-A52F-2EEA4B6525B5}.Release|Any CPU.ActiveCfg = Release|Any CPU
		{C1C5018F-0DE9-496F-A52F-2EEA4B6525B5}.Release|Any CPU.Build.0 = Release|Any CPU
		{38EC9C47-39D8-4C39-9D76-211ACE3D79A4}.Debug|Any CPU.ActiveCfg = Debug|Any CPU
		{38EC9C47-39D8-4C39-9D76-211ACE3D79A4}.Debug|Any CPU.Build.0 = Debug|Any CPU
		{38EC9C47-39D8-4C39-9D76-211ACE3D79A4}.Release|Any CPU.ActiveCfg = Release|Any CPU
		{38EC9C47-39D8-4C39-9D76-211ACE3D79A4}.Release|Any CPU.Build.0 = Release|Any CPU
	EndGlobalSection
	GlobalSection(SolutionProperties) = preSolution
		HideSolutionNode = FALSE
	EndGlobalSection
	GlobalSection(ExtensibilityGlobals) = postSolution
		SolutionGuid = {6527A6C5-2CFF-42D4-A5C7-BB97780738C7}
	EndGlobalSection
EndGlobal
